
Microsoft Visual Studio Solution File, Format Version 12.00
# Visual Studio Version 17
VisualStudioVersion = 17.6.33723.286
MinimumVisualStudioVersion = 10.0.40219.1
Project("{FAE04EC0-301F-11D3-BF4B-00C04F79EFBC}") = "TextToInput2", "TextToInput2.csproj", "{36E18E7E-511A-4DFD-8C85-93F98A7FC21F}"
EndProject
Global
	GlobalSection(SolutionConfigurationPlatforms) = preSolution
		Debug|Any CPU = Debug|Any CPU
		Release|Any CPU = Release|Any CPU
	EndGlobalSection
	GlobalSection(ProjectConfigurationPlatforms) = postSolution
		{36E18E7E-511A-4DFD-8C85-93F98A7FC21F}.Debug|Any CPU.ActiveCfg = Debug|Any CPU
		{36E18E7E-511A-4DFD-8C85-93F98A7FC21F}.Debug|Any CPU.Build.0 = Debug|Any CPU
		{36E18E7E-511A-4DFD-8C85-93F98A7FC21F}.Release|Any CPU.ActiveCfg = Release|Any CPU
		{36E18E7E-511A-4DFD-8C85-93F98A7FC21F}.Release|Any CPU.Build.0 = Release|Any CPU
	EndGlobalSection
	GlobalSection(SolutionProperties) = preSolution
		HideSolutionNode = FALSE
	EndGlobalSection
	GlobalSection(ExtensibilityGlobals) = postSolution
		SolutionGuid = {1F28383C-36EA-44A4-ACF9-309F25780508}
	EndGlobalSection
EndGlobal
